
Microsoft Visual Studio Solution File, Format Version 12.00
# Visual Studio Version 17
VisualStudioVersion = 17.2.32630.192
MinimumVisualStudioVersion = 10.0.40219.1
Project("{FAE04EC0-301F-11D3-BF4B-00C04F79EFBC}") = "Pokedex-v2-api", "Pokedex-v2-api.csproj", "{1433140F-E391-40FD-8BEA-76FC6564C46C}"
EndProject
Global
	GlobalSection(SolutionConfigurationPlatforms) = preSolution
		Debug|Any CPU = Debug|Any CPU
		Release|Any CPU = Release|Any CPU
	EndGlobalSection
	GlobalSection(ProjectConfigurationPlatforms) = postSolution
		{1433140F-E391-40FD-8BEA-76FC6564C46C}.Debug|Any CPU.ActiveCfg = Debug|Any CPU
		{1433140F-E391-40FD-8BEA-76FC6564C46C}.Debug|Any CPU.Build.0 = Debug|Any CPU
		{1433140F-E391-40FD-8BEA-76FC6564C46C}.Release|Any CPU.ActiveCfg = Release|Any CPU
		{1433140F-E391-40FD-8BEA-76FC6564C46C}.Release|Any CPU.Build.0 = Release|Any CPU
	EndGlobalSection
	GlobalSection(SolutionProperties) = preSolution
		HideSolutionNode = FALSE
	EndGlobalSection
	GlobalSection(ExtensibilityGlobals) = postSolution
		SolutionGuid = {6ECC2C03-39A7-41AC-A378-2150471453A3}
	EndGlobalSection
EndGlobal
